
Microsoft Visual Studio Solution File, Format Version 12.00
# Visual Studio Version 16
VisualStudioVersion = 16.0.32407.337
MinimumVisualStudioVersion = 10.0.40219.1
Project("{FAE04EC0-301F-11D3-BF4B-00C04F79EFBC}") = "HackerRank2", "HackerRank2\HackerRank2.csproj", "{385DD24F-22FB-4382-A5BB-815ADF181197}"
EndProject
Global
	GlobalSection(SolutionConfigurationPlatforms) = preSolution
		Debug|Any CPU = Debug|Any CPU
		Release|Any CPU = Release|Any CPU
	EndGlobalSection
	GlobalSection(ProjectConfigurationPlatforms) = postSolution
		{385DD24F-22FB-4382-A5BB-815ADF181197}.Debug|Any CPU.ActiveCfg = Debug|Any CPU
		{385DD24F-22FB-4382-A5BB-815ADF181197}.Debug|Any CPU.Build.0 = Debug|Any CPU
		{385DD24F-22FB-4382-A5BB-815ADF181197}.Release|Any CPU.ActiveCfg = Release|Any CPU
		{385DD24F-22FB-4382-A5BB-815ADF181197}.Release|Any CPU.Build.0 = Release|Any CPU
	EndGlobalSection
	GlobalSection(SolutionProperties) = preSolution
		HideSolutionNode = FALSE
	EndGlobalSection
	GlobalSection(ExtensibilityGlobals) = postSolution
		SolutionGuid = {02549E7D-79EA-43C4-8D32-DFA0EF329CFE}
	EndGlobalSection
EndGlobal
